
Microsoft Visual Studio Solution File, Format Version 12.00
# Visual Studio Version 17
VisualStudioVersion = 17.2.32519.379
MinimumVisualStudioVersion = 10.0.40219.1
Project("{FAE04EC0-301F-11D3-BF4B-00C04F79EFBC}") = "PowerBiElsaScheduler", "PowerBiElsaScheduler\PowerBiElsaScheduler.csproj", "{10CC7D4E-72B9-4101-8480-2FE915D513FD}"
EndProject
Global
	GlobalSection(SolutionConfigurationPlatforms) = preSolution
		Debug|Any CPU = Debug|Any CPU
		Release|Any CPU = Release|Any CPU
	EndGlobalSection
	GlobalSection(ProjectConfigurationPlatforms) = postSolution
		{10CC7D4E-72B9-4101-8480-2FE915D513FD}.Debug|Any CPU.ActiveCfg = Debug|Any CPU
		{10CC7D4E-72B9-4101-8480-2FE915D513FD}.Debug|Any CPU.Build.0 = Debug|Any CPU
		{10CC7D4E-72B9-4101-8480-2FE915D513FD}.Release|Any CPU.ActiveCfg = Release|Any CPU
		{10CC7D4E-72B9-4101-8480-2FE915D513FD}.Release|Any CPU.Build.0 = Release|Any CPU
	EndGlobalSection
	GlobalSection(SolutionProperties) = preSolution
		HideSolutionNode = FALSE
	EndGlobalSection
	GlobalSection(ExtensibilityGlobals) = postSolution
		SolutionGuid = {300343C2-D9EA-4436-A1B5-E86D71968F83}
	EndGlobalSection
EndGlobal
